// !$*UTF8*$!
{
	archiveVersion = 1;
	classes = {
	};
	objectVersion = 46;
	objects = {

/* Begin PBXBuildFile section */
		C2CE2FA71B40ECC600C6523C /* Foundation.framework in Frameworks */ = {isa = PBXBuildFile; fileRef = C2CE2FA61B40ECC600C6523C /* Foundation.framework */; };
		C2CE2FA91B40ECC600C6523C /* CoreGraphics.framework in Frameworks */ = {isa = PBXBuildFile; fileRef = C2CE2FA81B40ECC600C6523C /* CoreGraphics.framework */; };
		C2CE2FAB1B40ECC600C6523C /* UIKit.framework in Frameworks */ = {isa = PBXBuildFile; fileRef = C2CE2FAA1B40ECC600C6523C /* UIKit.framework */; };
		C2CE2FB11B40ECC600C6523C /* InfoPlist.strings in Resources */ = {isa = PBXBuildFile; fileRef = C2CE2FAF1B40ECC600C6523C /* InfoPlist.strings */; };
		C2CE2FB31B40ECC600C6523C /* main.m in Sources */ = {isa = PBXBuildFile; fileRef = C2CE2FB21B40ECC600C6523C /* main.m */; };
		C2CE2FB71B40ECC600C6523C /* HMAppDelegate.m in Sources */ = {isa = PBXBuildFile; fileRef = C2CE2FB61B40ECC600C6523C /* HMAppDelegate.m */; };
		C2CE2FBA1B40ECC600C6523C /* Main.storyboard in Resources */ = {isa = PBXBuildFile; fileRef = C2CE2FB81B40ECC600C6523C /* Main.storyboard */; };
		C2CE2FBD1B40ECC600C6523C /* HMViewController.m in Sources */ = {isa = PBXBuildFile; fileRef = C2CE2FBC1B40ECC600C6523C /* HMViewController.m */; };
		C2CE2FBF1B40ECC600C6523C /* Images.xcassets in Resources */ = {isa = PBXBuildFile; fileRef = C2CE2FBE1B40ECC600C6523C /* Images.xcassets */; };
		C2CE2FC61B40ECC600C6523C /* XCTest.framework in Frameworks */ = {isa = PBXBuildFile; fileRef = C2CE2FC51B40ECC600C6523C /* XCTest.framework */; };
		C2CE2FC71B40ECC600C6523C /* Foundation.framework in Frameworks */ = {isa = PBXBuildFile; fileRef = C2CE2FA61B40ECC600C6523C /* Foundation.framework */; };
		C2CE2FC81B40ECC600C6523C /* UIKit.framework in Frameworks */ = {isa = PBXBuildFile; fileRef = C2CE2FAA1B40ECC600C6523C /* UIKit.framework */; };
		C2CE2FD01B40ECC600C6523C /* InfoPlist.strings in Resources */ = {isa = PBXBuildFile; fileRef = C2CE2FCE1B40ECC600C6523C /* InfoPlist.strings */; };
		C2CE2FD21B40ECC600C6523C /* HeimaWeiboTests.m in Sources */ = {isa = PBXBuildFile; fileRef = C2CE2FD11B40ECC600C6523C /* HeimaWeiboTests.m */; };
/* End PBXBuildFile section */

/* Begin PBXContainerItemProxy section */
		C2CE2FC91B40ECC600C6523C /* PBXContainerItemProxy */ = {
			isa = PBXContainerItemProxy;
			containerPortal = C2CE2F9B1B40ECC600C6523C /* Project object */;
			proxyType = 1;
			remoteGlobalIDString = C2CE2FA21B40ECC600C6523C;
			remoteInfo = HeimaWeibo;
		};
/* End PBXContainerItemProxy section */

/* Begin PBXFileReference section */
		C2CE2FA31B40ECC600C6523C /* HeimaWeibo.app */ = {isa = PBXFileReference; explicitFileType = wrapper.application; includeInIndex = 0; path = HeimaWeibo.app; sourceTree = BUILT_PRODUCTS_DIR; };
		C2CE2FA61B40ECC600C6523C /* Foundation.framework */ = {isa = PBXFileReference; lastKnownFileType = wrapper.framework; name = Foundation.framework; path = System/Library/Frameworks/Foundation.framework; sourceTree = SDKROOT; };
		C2CE2FA81B40ECC600C6523C /* CoreGraphics.framework */ = {isa = PBXFileReference; lastKnownFileType = wrapper.framework; name = CoreGraphics.framework; path = System/Library/Frameworks/CoreGraphics.framework; sourceTree = SDKROOT; };
		C2CE2FAA1B40ECC600C6523C /* UIKit.framework */ = {isa = PBXFileReference; lastKnownFileType = wrapper.framework; name = UIKit.framework; path = System/Library/Frameworks/UIKit.framework; sourceTree = SDKROOT; };
		C2CE2FAE1B40ECC600C6523C /* HeimaWeibo-Info.plist */ = {isa = PBXFileReference; lastKnownFileType = text.plist.xml; path = "HeimaWeibo-Info.plist"; sourceTree = "<group>"; };
		C2CE2FB01B40ECC600C6523C /* en */ = {isa = PBXFileReference; lastKnownFileType = text.plist.strings; name = en; path = en.lproj/InfoPlist.strings; sourceTree = "<group>"; };
		C2CE2FB21B40ECC600C6523C /* main.m */ = {isa = PBXFileReference; lastKnownFileType = sourcecode.c.objc; path = main.m; sourceTree = "<group>"; };
		C2CE2FB41B40ECC600C6523C /* HeimaWeibo-Prefix.pch */ = {isa = PBXFileReference; lastKnownFileType = sourcecode.c.h; path = "HeimaWeibo-Prefix.pch"; sourceTree = "<group>"; };
		C2CE2FB51B40ECC600C6523C /* HMAppDelegate.h */ = {isa = PBXFileReference; lastKnownFileType = sourcecode.c.h; path = HMAppDelegate.h; sourceTree = "<group>"; };
		C2CE2FB61B40ECC600C6523C /* HMAppDelegate.m */ = {isa = PBXFileReference; lastKnownFileType = sourcecode.c.objc; path = HMAppDelegate.m; sourceTree = "<group>"; };
		C2CE2FB91B40ECC600C6523C /* Base */ = {isa = PBXFileReference; lastKnownFileType = file.storyboard; name = Base; path = Base.lproj/Main.storyboard; sourceTree = "<group>"; };
		C2CE2FBB1B40ECC600C6523C /* HMViewController.h */ = {isa = PBXFileReference; lastKnownFileType = sourcecode.c.h; path = HMViewController.h; sourceTree = "<group>"; };
		C2CE2FBC1B40ECC600C6523C /* HMViewController.m */ = {isa = PBXFileReference; lastKnownFileType = sourcecode.c.objc; path = HMViewController.m; sourceTree = "<group>"; };
		C2CE2FBE1B40ECC600C6523C /* Images.xcassets */ = {isa = PBXFileReference; lastKnownFileType = folder.assetcatalog; path = Images.xcassets; sourceTree = "<group>"; };
		C2CE2FC41B40ECC600C6523C /* HeimaWeiboTests.xctest */ = {isa = PBXFileReference; explicitFileType = wrapper.cfbundle; includeInIndex = 0; path = HeimaWeiboTests.xctest; sourceTree = BUILT_PRODUCTS_DIR; };
		C2CE2FC51B40ECC600C6523C /* XCTest.framework */ = {isa = PBXFileReference; lastKnownFileType = wrapper.framework; name = XCTest.framework; path = Library/Frameworks/XCTest.framework; sourceTree = DEVELOPER_DIR; };
		C2CE2FCD1B40ECC600C6523C /* HeimaWeiboTests-Info.plist */ = {isa = PBXFileReference; lastKnownFileType = text.plist.xml; path = "HeimaWeiboTests-Info.plist"; sourceTree = "<group>"; };
		C2CE2FCF1B40ECC600C6523C /* en */ = {isa = PBXFileReference; lastKnownFileType = text.plist.strings; name = en; path = en.lproj/InfoPlist.strings; sourceTree = "<group>"; };
		C2CE2FD11B40ECC600C6523C /* HeimaWeiboTests.m */ = {isa = PBXFileReference; lastKnownFileType = sourcecode.c.objc; path = HeimaWeiboTests.m; sourceTree = "<group>"; };
/* End PBXFileReference section */

/* Begin PBXFrameworksBuildPhase section */
		C2CE2FA01B40ECC600C6523C /* Frameworks */ = {
			isa = PBXFrameworksBuildPhase;
			buildActionMask = 2147483647;
			files = (
				C2CE2FA91B40ECC600C6523C /* CoreGraphics.framework in Frameworks */,
				C2CE2FAB1B40ECC600C6523C /* UIKit.framework in Frameworks */,
				C2CE2FA71B40ECC600C6523C /* Foundation.framework in Frameworks */,
			);
			runOnlyForDeploymentPostprocessing = 0;
		};
		C2CE2FC11B40ECC600C6523C /* Frameworks */ = {
			isa = PBXFrameworksBuildPhase;
			buildActionMask = 2147483647;
			files = (
				C2CE2FC61B40ECC600C6523C /* XCTest.framework in Frameworks */,
				C2CE2FC81B40ECC600C6523C /* UIKit.framework in Frameworks */,
				C2CE2FC71B40ECC600C6523C /* Foundation.framework in Frameworks */,
			);
			runOnlyForDeploymentPostprocessing = 0;
		};
/* End PBXFrameworksBuildPhase section */

/* Begin PBXGroup section */
		C2CE2F9A1B40ECC600C6523C = {
			isa = PBXGroup;
			children = (
				C2CE2FAC1B40ECC600C6523C /* HeimaWeibo */,
				C2CE2FCB1B40ECC600C6523C /* HeimaWeiboTests */,
				C2CE2FA51B40ECC600C6523C /* Frameworks */,
				C2CE2FA41B40ECC600C6523C /* Products */,
			);
			sourceTree = "<group>";
		};
		C2CE2FA41B40ECC600C6523C /* Products */ = {
			isa = PBXGroup;
			children = (
				C2CE2FA31B40ECC600C6523C /* HeimaWeibo.app */,
				C2CE2FC41B40ECC600C6523C /* HeimaWeiboTests.xctest */,
			);
			name = Products;
			sourceTree = "<group>";
		};
		C2CE2FA51B40ECC600C6523C /* Frameworks */ = {
			isa = PBXGroup;
			children = (
				C2CE2FA61B40ECC600C6523C /* Foundation.framework */,
				C2CE2FA81B40ECC600C6523C /* CoreGraphics.framework */,
				C2CE2FAA1B40ECC600C6523C /* UIKit.framework */,
				C2CE2FC51B40ECC600C6523C /* XCTest.framework */,
			);
			name = Frameworks;
			sourceTree = "<group>";
		};
		C2CE2FAC1B40ECC600C6523C /* HeimaWeibo */ = {
			isa = PBXGroup;
			children = (
				C2CE2FB51B40ECC600C6523C /* HMAppDelegate.h */,
				C2CE2FB61B40ECC600C6523C /* HMAppDelegate.m */,
				C2CE2FB81B40ECC600C6523C /* Main.storyboard */,
				C2CE2FBB1B40ECC600C6523C /* HMViewController.h */,
				C2CE2FBC1B40ECC600C6523C /* HMViewController.m */,
				C2CE2FBE1B40ECC600C6523C /* Images.xcassets */,
				C2CE2FAD1B40ECC600C6523C /* Supporting Files */,
			);
			path = HeimaWeibo;
			sourceTree = "<group>";
		};
		C2CE2FAD1B40ECC600C6523C /* Supporting Files */ = {
			isa = PBXGroup;
			children = (
				C2CE2FAE1B40ECC600C6523C /* HeimaWeibo-Info.plist */,
				C2CE2FAF1B40ECC600C6523C /* InfoPlist.strings */,
				C2CE2FB21B40ECC600C6523C /* main.m */,
				C2CE2FB41B40ECC600C6523C /* HeimaWeibo-Prefix.pch */,
			);
			name = "Supporting Files";
			sourceTree = "<group>";
		};
		C2CE2FCB1B40ECC600C6523C /* HeimaWeiboTests */ = {
			isa = PBXGroup;
			children = (
				C2CE2FD11B40ECC600C6523C /* HeimaWeiboTests.m */,
				C2CE2FCC1B40ECC600C6523C /* Supporting Files */,
			);
			path = HeimaWeiboTests;
			sourceTree = "<group>";
		};
		C2CE2FCC1B40ECC600C6523C /* Supporting Files */ = {
			isa = PBXGroup;
			children = (
				C2CE2FCD1B40ECC600C6523C /* HeimaWeiboTests-Info.plist */,
				C2CE2FCE1B40ECC600C6523C /* InfoPlist.strings */,
			);
			name = "Supporting Files";
			sourceTree = "<group>";
		};
/* End PBXGroup section */

/* Begin PBXNativeTarget section */
		C2CE2FA21B40ECC600C6523C /* HeimaWeibo */ = {
			isa = PBXNativeTarget;
			buildConfigurationList = C2CE2FD51B40ECC600C6523C /* Build configuration list for PBXNativeTarget "HeimaWeibo" */;
			buildPhases = (
				C2CE2F9F1B40ECC600C6523C /* Sources */,
				C2CE2FA01B40ECC600C6523C /* Frameworks */,
				C2CE2FA11B40ECC600C6523C /* Resources */,
			);
			buildRules = (
			);
			dependencies = (
			);
			name = HeimaWeibo;
			productName = HeimaWeibo;
			productReference = C2CE2FA31B40ECC600C6523C /* HeimaWeibo.app */;
			productType = "com.apple.product-type.application";
		};
		C2CE2FC31B40ECC600C6523C /* HeimaWeiboTests */ = {
			isa = PBXNativeTarget;
			buildConfigurationList = C2CE2FD81B40ECC600C6523C /* Build configuration list for PBXNativeTarget "HeimaWeiboTests" */;
			buildPhases = (
				C2CE2FC01B40ECC600C6523C /* Sources */,
				C2CE2FC11B40ECC600C6523C /* Frameworks */,
				C2CE2FC21B40ECC600C6523C /* Resources */,
			);
			buildRules = (
			);
			dependencies = (
				C2CE2FCA1B40ECC600C6523C /* PBXTargetDependency */,
			);
			name = HeimaWeiboTests;
			productName = HeimaWeiboTests;
			productReference = C2CE2FC41B40ECC600C6523C /* HeimaWeiboTests.xctest */;
			productType = "com.apple.product-type.bundle.unit-test";
		};
/* End PBXNativeTarget section */

/* Begin PBXProject section */
		C2CE2F9B1B40ECC600C6523C /* Project object */ = {
			isa = PBXProject;
			attributes = {
				CLASSPREFIX = HM;
				LastUpgradeCheck = 0510;
				ORGANIZATIONNAME = heima;
				TargetAttributes = {
					C2CE2FC31B40ECC600C6523C = {
						TestTargetID = C2CE2FA21B40ECC600C6523C;
					};
				};
			};
			buildConfigurationList = C2CE2F9E1B40ECC600C6523C /* Build configuration list for PBXProject "HeimaWeibo" */;
			compatibilityVersion = "Xcode 3.2";
			developmentRegion = English;
			hasScannedForEncodings = 0;
			knownRegions = (
				en,
				Base,
			);
			mainGroup = C2CE2F9A1B40ECC600C6523C;
			productRefGroup = C2CE2FA41B40ECC600C6523C /* Products */;
			projectDirPath = "";
			projectRoot = "";
			targets = (
				C2CE2FA21B40ECC600C6523C /* HeimaWeibo */,
				C2CE2FC31B40ECC600C6523C /* HeimaWeiboTests */,
			);
		};
/* End PBXProject section */

/* Begin PBXResourcesBuildPhase section */
		C2CE2FA11B40ECC600C6523C /* Resources */ = {
			isa = PBXResourcesBuildPhase;
			buildActionMask = 2147483647;
			files = (
				C2CE2FBF1B40ECC600C6523C /* Images.xcassets in Resources */,
				C2CE2FB11B40ECC600C6523C /* InfoPlist.strings in Resources */,
				C2CE2FBA1B40ECC600C6523C /* Main.storyboard in Resources */,
			);
			runOnlyForDeploymentPostprocessing = 0;
		};
		C2CE2FC21B40ECC600C6523C /* Resources */ = {
			isa = PBXResourcesBuildPhase;
			buildActionMask = 2147483647;
			files = (
				C2CE2FD01B40ECC600C6523C /* InfoPlist.strings in Resources */,
			);
			runOnlyForDeploymentPostprocessing = 0;
		};
/* End PBXResourcesBuildPhase section */

/* Begin PBXSourcesBuildPhase section */
		C2CE2F9F1B40ECC600C6523C /* Sources */ = {
			isa = PBXSourcesBuildPhase;
			buildActionMask = 2147483647;
			files = (
				C2CE2FBD1B40ECC600C6523C /* HMViewController.m in Sources */,
				C2CE2FB31B40ECC600C6523C /* main.m in Sources */,
				C2CE2FB71B40ECC600C6523C /* HMAppDelegate.m in Sources */,
			);
			runOnlyForDeploymentPostprocessing = 0;
		};
		C2CE2FC01B40ECC600C6523C /* Sources */ = {
			isa = PBXSourcesBuildPhase;
			buildActionMask = 2147483647;
			files = (
				C2CE2FD21B40ECC600C6523C /* HeimaWeiboTests.m in Sources */,
			);
			runOnlyForDeploymentPostprocessing = 0;
		};
/* End PBXSourcesBuildPhase section */

/* Begin PBXTargetDependency section */
		C2CE2FCA1B40ECC600C6523C /* PBXTargetDependency */ = {
			isa = PBXTargetDependency;
			target = C2CE2FA21B40ECC600C6523C /* HeimaWeibo */;
			targetProxy = C2CE2FC91B40ECC600C6523C /* PBXContainerItemProxy */;
		};
/* End PBXTargetDependency section */

/* Begin PBXVariantGroup section */
		C2CE2FAF1B40ECC600C6523C /* InfoPlist.strings */ = {
			isa = PBXVariantGroup;
			children = (
				C2CE2FB01B40ECC600C6523C /* en */,
			);
			name = InfoPlist.strings;
			sourceTree = "<group>";
		};
		C2CE2FB81B40ECC600C6523C /* Main.storyboard */ = {
			isa = PBXVariantGroup;
			children = (
				C2CE2FB91B40ECC600C6523C /* Base */,
			);
			name = Main.storyboard;
			sourceTree = "<group>";
		};
		C2CE2FCE1B40ECC600C6523C /* InfoPlist.strings */ = {
			isa = PBXVariantGroup;
			children = (
				C2CE2FCF1B40ECC600C6523C /* en */,
			);
			name = InfoPlist.strings;
			sourceTree = "<group>";
		};
/* End PBXVariantGroup section */

/* Begin XCBuildConfiguration section */
		C2CE2FD31B40ECC600C6523C /* Debug */ = {
			isa = XCBuildConfiguration;
			buildSettings = {
				ALWAYS_SEARCH_USER_PATHS = NO;
				CLANG_CXX_LANGUAGE_STANDARD = "gnu++0x";
				CLANG_CXX_LIBRARY = "libc++";
				CLANG_ENABLE_MODULES = YES;
				CLANG_ENABLE_OBJC_ARC = YES;
				CLANG_WARN_BOOL_CONVERSION = YES;
				CLANG_WARN_CONSTANT_CONVERSION = YES;
				CLANG_WARN_DIRECT_OBJC_ISA_USAGE = YES_ERROR;
				CLANG_WARN_EMPTY_BODY = YES;
				CLANG_WARN_ENUM_CONVERSION = YES;
				CLANG_WARN_INT_CONVERSION = YES;
				CLANG_WARN_OBJC_ROOT_CLASS = YES_ERROR;
				CLANG_WARN__DUPLICATE_METHOD_MATCH = YES;
				"CODE_SIGN_IDENTITY[sdk=iphoneos*]" = "iPhone Developer";
				COPY_PHASE_STRIP = NO;
				GCC_C_LANGUAGE_STANDARD = gnu99;
				GCC_DYNAMIC_NO_PIC = NO;
				GCC_OPTIMIZATION_LEVEL = 0;
				GCC_PREPROCESSOR_DEFINITIONS = (
					"DEBUG=1",
					"$(inherited)",
				);
				GCC_SYMBOLS_PRIVATE_EXTERN = NO;
				GCC_WARN_64_TO_32_BIT_CONVERSION = YES;
				GCC_WARN_ABOUT_RETURN_TYPE = YES_ERROR;
				GCC_WARN_UNDECLARED_SELECTOR = YES;
				GCC_WARN_UNINITIALIZED_AUTOS = YES_AGGRESSIVE;
				GCC_WARN_UNUSED_FUNCTION = YES;
				GCC_WARN_UNUSED_VARIABLE = YES;
				IPHONEOS_DEPLOYMENT_TARGET = 7.1;
				ONLY_ACTIVE_ARCH = YES;
				SDKROOT = iphoneos;
			};
			name = Debug;
		};
		C2CE2FD41B40ECC600C6523C /* Release */ = {
			isa = XCBuildConfiguration;
			buildSettings = {
				ALWAYS_SEARCH_USER_PATHS = NO;
				CLANG_CXX_LANGUAGE_STANDARD = "gnu++0x";
				CLANG_CXX_LIBRARY = "libc++";
				CLANG_ENABLE_MODULES = YES;
				CLANG_ENABLE_OBJC_ARC = YES;
				CLANG_WARN_BOOL_CONVERSION = YES;
				CLANG_WARN_CONSTANT_CONVERSION = YES;
				CLANG_WARN_DIRECT_OBJC_ISA_USAGE = YES_ERROR;
				CLANG_WARN_EMPTY_BODY = YES;
				CLANG_WARN_ENUM_CONVERSION = YES;
				CLANG_WARN_INT_CONVERSION = YES;
				CLANG_WARN_OBJC_ROOT_CLASS = YES_ERROR;
				CLANG_WARN__DUPLICATE_METHOD_MATCH = YES;
				"CODE_SIGN_IDENTITY[sdk=iphoneos*]" = "iPhone Developer";
				COPY_PHASE_STRIP = YES;
				ENABLE_NS_ASSERTIONS = NO;
				GCC_C_LANGUAGE_STANDARD = gnu99;
				GCC_WARN_64_TO_32_BIT_CONVERSION = YES;
				GCC_WARN_ABOUT_RETURN_TYPE = YES_ERROR;
				GCC_WARN_UNDECLARED_SELECTOR = YES;
				GCC_WARN_UNINITIALIZED_AUTOS = YES_AGGRESSIVE;
				GCC_WARN_UNUSED_FUNCTION = YES;
				GCC_WARN_UNUSED_VARIABLE = YES;
				IPHONEOS_DEPLOYMENT_TARGET = 7.1;
				SDKROOT = iphoneos;
				VALIDATE_PRODUCT = YES;
			};
			name = Release;
		};
		C2CE2FD61B40ECC600C6523C /* Debug */ = {
			isa = XCBuildConfiguration;
			buildSettings = {
				ASSETCATALOG_COMPILER_APPICON_NAME = AppIcon;
				ASSETCATALOG_COMPILER_LAUNCHIMAGE_NAME = LaunchImage;
				GCC_PRECOMPILE_PREFIX_HEADER = YES;
				GCC_PREFIX_HEADER = "HeimaWeibo/HeimaWeibo-Prefix.pch";
				INFOPLIST_FILE = "HeimaWeibo/HeimaWeibo-Info.plist";
				PRODUCT_NAME = "$(TARGET_NAME)";
				WRAPPER_EXTENSION = app;
			};
			name = Debug;
		};
		C2CE2FD71B40ECC600C6523C /* Release */ = {
			isa = XCBuildConfiguration;
			buildSettings = {
				ASSETCATALOG_COMPILER_APPICON_NAME = AppIcon;
				ASSETCATALOG_COMPILER_LAUNCHIMAGE_NAME = LaunchImage;
				GCC_PRECOMPILE_PREFIX_HEADER = YES;
				GCC_PREFIX_HEADER = "HeimaWeibo/HeimaWeibo-Prefix.pch";
				INFOPLIST_FILE = "HeimaWeibo/HeimaWeibo-Info.plist";
				PRODUCT_NAME = "$(TARGET_NAME)";
				WRAPPER_EXTENSION = app;
			};
			name = Release;
		};
		C2CE2FD91B40ECC600C6523C /* Debug */ = {
			isa = XCBuildConfiguration;
			buildSettings = {
				BUNDLE_LOADER = "$(BUILT_PRODUCTS_DIR)/HeimaWeibo.app/HeimaWeibo";
				FRAMEWORK_SEARCH_PATHS = (
					"$(SDKROOT)/Developer/Library/Frameworks",
					"$(inherited)",
					"$(DEVELOPER_FRAMEWORKS_DIR)",
				);
				GCC_PRECOMPILE_PREFIX_HEADER = YES;
				GCC_PREFIX_HEADER = "HeimaWeibo/HeimaWeibo-Prefix.pch";
				GCC_PREPROCESSOR_DEFINITIONS = (
					"DEBUG=1",
					"$(inherited)",
				);
				INFOPLIST_FILE = "HeimaWeiboTests/HeimaWeiboTests-Info.plist";
				PRODUCT_NAME = "$(TARGET_NAME)";
				TEST_HOST = "$(BUNDLE_LOADER)";
				WRAPPER_EXTENSION = xctest;
			};
			name = Debug;
		};
		C2CE2FDA1B40ECC600C6523C /* Release */ = {
			isa = XCBuildConfiguration;
			buildSettings = {
				BUNDLE_LOADER = "$(BUILT_PRODUCTS_DIR)/HeimaWeibo.app/HeimaWeibo";
				FRAMEWORK_SEARCH_PATHS = (
					"$(SDKROOT)/Developer/Library/Frameworks",
					"$(inherited)",
					"$(DEVELOPER_FRAMEWORKS_DIR)",
				);
				GCC_PRECOMPILE_PREFIX_HEADER = YES;
				GCC_PREFIX_HEADER = "HeimaWeibo/HeimaWeibo-Prefix.pch";
				INFOPLIST_FILE = "HeimaWeiboTests/HeimaWeiboTests-Info.plist";
				PRODUCT_NAME = "$(TARGET_NAME)";
				TEST_HOST = "$(BUNDLE_LOADER)";
				WRAPPER_EXTENSION = xctest;
			};
			name = Release;
		};
/* End XCBuildConfiguration section */

/* Begin XCConfigurationList section */
		C2CE2F9E1B40ECC600C6523C /* Build configuration list for PBXProject "HeimaWeibo" */ = {
			isa = XCConfigurationList;
			buildConfigurations = (
				C2CE2FD31B40ECC600C6523C /* Debug */,
				C2CE2FD41B40ECC600C6523C /* Release */,
			);
			defaultConfigurationIsVisible = 0;
			defaultConfigurationName = Release;
		};
		C2CE2FD51B40ECC600C6523C /* Build configuration list for PBXNativeTarget "HeimaWeibo" */ = {
			isa = XCConfigurationList;
			buildConfigurations = (
				C2CE2FD61B40ECC600C6523C /* Debug */,
				C2CE2FD71B40ECC600C6523C /* Release */,
			);
			defaultConfigurationIsVisible = 0;
		};
		C2CE2FD81B40ECC600C6523C /* Build configuration list for PBXNativeTarget "HeimaWeiboTests" */ = {
			isa = XCConfigurationList;
			buildConfigurations = (
				C2CE2FD91B40ECC600C6523C /* Debug */,
				C2CE2FDA1B40ECC600C6523C /* Release */,
			);
			defaultConfigurationIsVisible = 0;
		};
/* End XCConfigurationList section */
	};
	rootObject = C2CE2F9B1B40ECC600C6523C /* Project object */;
}
